
Microsoft Visual Studio Solution File, Format Version 12.00
# Visual Studio Version 16
VisualStudioVersion = 16.0.30413.136
MinimumVisualStudioVersion = 10.0.40219.1
Project("{FAE04EC0-301F-11D3-BF4B-00C04F79EFBC}") = "Úkol 1, 2", "Úkol 1, 2\Úkol 1, 2.csproj", "{DFDF58E8-347B-4546-93D2-70F6645047CF}"
EndProject
Global
	GlobalSection(SolutionConfigurationPlatforms) = preSolution
		Debug|Any CPU = Debug|Any CPU
		Release|Any CPU = Release|Any CPU
	EndGlobalSection
	GlobalSection(ProjectConfigurationPlatforms) = postSolution
		{DFDF58E8-347B-4546-93D2-70F6645047CF}.Debug|Any CPU.ActiveCfg = Debug|Any CPU
		{DFDF58E8-347B-4546-93D2-70F6645047CF}.Debug|Any CPU.Build.0 = Debug|Any CPU
		{DFDF58E8-347B-4546-93D2-70F6645047CF}.Release|Any CPU.ActiveCfg = Release|Any CPU
		{DFDF58E8-347B-4546-93D2-70F6645047CF}.Release|Any CPU.Build.0 = Release|Any CPU
	EndGlobalSection
	GlobalSection(SolutionProperties) = preSolution
		HideSolutionNode = FALSE
	EndGlobalSection
	GlobalSection(ExtensibilityGlobals) = postSolution
		SolutionGuid = {14575D36-5F71-4469-B835-2E53E9D3B732}
	EndGlobalSection
EndGlobal
